version: 7
platforms:
- name: linux-64
- name: osx-arm64
environments:
  default:
    channels:
    - url: https://prefix.dev/conda-forge/
    indexes:
    - https://pypi.org/simple
    packages:
      linux-64:
      - conda: https://prefix.dev/conda-forge/linux-64/_openmp_mutex-4.5-20_gnu.conda
      - conda: https://prefix.dev/conda-forge/linux-64/aiohttp-3.14.1-py312h5d8c7f2_0.conda
      - conda: https://prefix.dev/conda-forge/linux-64/bzip2-1.0.8-hda65f42_9.conda
      - conda: https://prefix.dev/conda-forge/linux-64/frozenlist-1.8.0-py312h447239a_0.conda
      - conda: https://prefix.dev/conda-forge/linux-64/ld_impl_linux-64-2.45.1-default_hbd61a6d_102.conda
      - conda: https://prefix.dev/conda-forge/linux-64/libexpat-2.8.1-hecca717_0.conda
      - conda: https://prefix.dev/conda-forge/linux-64/libffi-3.5.2-h3435931_0.conda
      - conda: https://prefix.dev/conda-forge/linux-64/libgcc-15.2.0-he0feb66_19.conda
      - conda: https://prefix.dev/conda-forge/linux-64/libgcc-ng-15.2.0-h69a702a_19.conda
      - conda: https://prefix.dev/conda-forge/linux-64/libgomp-15.2.0-he0feb66_19.conda
      - conda: https://prefix.dev/conda-forge/linux-64/liblzma-5.8.3-hb03c661_0.conda
      - conda: https://prefix.dev/conda-forge/linux-64/libnsl-2.0.1-hb9d3cd8_1.conda
      - conda: https://prefix.dev/conda-forge/linux-64/libsqlite-3.53.2-h0c1763c_0.conda
      - conda: https://prefix.dev/conda-forge/linux-64/libstdcxx-15.2.0-h934c35e_19.conda
      - conda: https://prefix.dev/conda-forge/linux-64/libuuid-2.42.1-h5347b49_0.conda
      - conda: https://prefix.dev/conda-forge/linux-64/libxcrypt-4.4.36-hd590300_1.conda
      - conda: https://prefix.dev/conda-forge/linux-64/libzlib-1.3.2-h25fd6f3_2.conda
      - conda: https://prefix.dev/conda-forge/linux-64/multidict-6.7.1-py312h8a5da7c_0.conda
      - conda: https://prefix.dev/conda-forge/linux-64/ncurses-6.6-hdb14827_0.conda
      - conda: https://prefix.dev/conda-forge/linux-64/openssl-3.6.2-h35e630c_0.conda
      - conda: https://prefix.dev/conda-forge/linux-64/propcache-0.5.2-py312h8a5da7c_0.conda
      - conda: https://prefix.dev/conda-forge/linux-64/python-3.12.13-hd63d673_0_cpython.conda
      - conda: https://prefix.dev/conda-forge/linux-64/readline-8.3-h853b02a_0.conda
      - conda: https://prefix.dev/conda-forge/linux-64/tk-8.6.13-noxft_h366c992_103.conda
      - conda: https://prefix.dev/conda-forge/linux-64/yarl-1.24.2-py312h8a5da7c_0.conda
      - conda: https://prefix.dev/conda-forge/linux-64/zstd-1.5.7-hb78ec9c_6.conda
      - conda: https://prefix.dev/conda-forge/noarch/aiohappyeyeballs-2.6.2-pyhd8ed1ab_0.conda
      - conda: https://prefix.dev/conda-forge/noarch/aiosignal-1.4.0-pyhd8ed1ab_0.conda
      - conda: https://prefix.dev/conda-forge/noarch/attrs-26.1.0-pyhcf101f3_0.conda
      - conda: https://prefix.dev/conda-forge/noarch/ca-certificates-2026.5.20-hbd8a1cb_0.conda
      - conda: https://prefix.dev/conda-forge/noarch/idna-3.17-pyhcf101f3_0.conda
      - conda: https://prefix.dev/conda-forge/noarch/loguru-0.7.3-pyh707e725_0.conda
      - conda: https://prefix.dev/conda-forge/noarch/python_abi-3.12-8_cp312.conda
      - conda: https://prefix.dev/conda-forge/noarch/typing_extensions-4.15.0-pyhcf101f3_0.conda
      - conda: https://prefix.dev/conda-forge/noarch/tzdata-2025c-hc9c84f9_1.conda
      - pypi: https://files.pythonhosted.org/packages/07/c6/80c95b1b2b94682a72cbdbfb85b81ae2daffa4291fbfa1b1464502ede10d/hpack-4.1.0-py3-none-any.whl
      - pypi: https://files.pythonhosted.org/packages/16/92/d1e32e3e0d894fe00b15ce28ad4944ab692713f2e7f0a99787405e43533a/protobuf-6.33.6-cp39-abi3-manylinux2014_x86_64.whl
      - pypi: https://files.pythonhosted.org/packages/22/24/ed72f68cbc1333ca9b9f2200aa048bb6658ae41709bc1caad4310f4bdffd/watchfiles-1.2.0-cp312-cp312-manylinux_2_17_x86_64.manylinux2014_x86_64.whl
      - pypi: https://files.pythonhosted.org/packages/29/67/62127b22edc6011ba55b76a28ab7c2219a45d01871a8199532e0978b26d1/cbor2-6.1.2-cp312-cp312-manylinux_2_28_x86_64.whl
      - pypi: https://files.pythonhosted.org/packages/44/6f/7120676b6d73228c96e17f1f794d8ab046fc910d781c8d151120c3f1569e/toml-0.10.2-py2.py3-none-any.whl
      - pypi: https://files.pythonhosted.org/packages/48/30/47d0bf6072f7252e6521f3447ccfa40b421b6824517f82854703d0f5a98b/hyperframe-6.1.0-py3-none-any.whl
      - pypi: https://files.pythonhosted.org/packages/57/ea/531a6ea751cbd989da386144810b1b8f529b0aae8c1a9beda8b40966c9c2/synchronicity-0.12.3-py3-none-any.whl
      - pypi: https://files.pythonhosted.org/packages/59/8c/57e832b7af6d7c5abe66eb3fbe3a3a32f4d11ea23a1aa7131371035be991/certifi-2026.5.20-py3-none-any.whl
      - pypi: https://files.pythonhosted.org/packages/5c/71/85e476e7d32c0a648d5aa97c4335ac02357d059c2bb734cf175b08446597/modal-1.5.0-py3-none-any.whl
      - pypi: https://files.pythonhosted.org/packages/5c/90/b0cbbd9efcc82816c58f31a34963071aa19fb792a212a5d9caf8e0fc3097/grpclib-0.4.9-py3-none-any.whl
      - pypi: https://files.pythonhosted.org/packages/69/b2/119f6e6dcbd96f9069ce9a2665e0146588dc9f88f29549711853645e736a/h2-4.3.0-py3-none-any.whl
      - pypi: https://files.pythonhosted.org/packages/82/3b/64d4899d73f91ba49a8c18a8ff3f0ea8f1c1d75481760df8c68ef5235bf5/rich-15.0.0-py3-none-any.whl
      - pypi: https://files.pythonhosted.org/packages/91/25/489751806bf5c95e4007f8e17409199c54d31e49ffbea07c5729b1286c8e/types_toml-0.10.8.20260518-py3-none-any.whl
      - pypi: https://files.pythonhosted.org/packages/b3/38/89ba8ad64ae25be8de66a6d463314cf1eb366222074cfda9ee839c56a4b4/mdurl-0.1.2-py3-none-any.whl
      - pypi: https://files.pythonhosted.org/packages/b3/81/4da04ced5a082363ecfa159c010d200ecbd959ae410c10c0264a38cac0f5/markdown_it_py-4.2.0-py3-none-any.whl
      - pypi: https://files.pythonhosted.org/packages/b5/63/2463d89481e811f007b0e1cd0a91e52e141b47f9de724d20db7b861dcfec/types_certifi-2021.10.8.3-py3-none-any.whl
      - pypi: https://files.pythonhosted.org/packages/c7/0d/67e5b4109ea4a837e80daa87c2c696711955e40449a97e8926672534def2/click-8.4.1-py3-none-any.whl
      - pypi: https://files.pythonhosted.org/packages/da/42/e921fccf5015463e32a3cf6ee7f980a6ed0f395ceeaa45060b61d86486c2/anyio-4.13.0-py3-none-any.whl
      - pypi: https://files.pythonhosted.org/packages/f4/7e/a72dd26f3b0f4f2bf1dd8923c85f7ceb43172af56d63c7383eb62b332364/pygments-2.20.0-py3-none-any.whl
      osx-arm64:
      - conda: https://prefix.dev/conda-forge/noarch/aiohappyeyeballs-2.6.2-pyhd8ed1ab_0.conda
      - conda: https://prefix.dev/conda-forge/noarch/aiosignal-1.4.0-pyhd8ed1ab_0.conda
      - conda: https://prefix.dev/conda-forge/noarch/attrs-26.1.0-pyhcf101f3_0.conda
      - conda: https://prefix.dev/conda-forge/noarch/ca-certificates-2026.5.20-hbd8a1cb_0.conda
      - conda: https://prefix.dev/conda-forge/noarch/idna-3.17-pyhcf101f3_0.conda
      - conda: https://prefix.dev/conda-forge/noarch/loguru-0.7.3-pyh707e725_0.conda
      - conda: https://prefix.dev/conda-forge/noarch/python_abi-3.12-8_cp312.conda
      - conda: https://prefix.dev/conda-forge/noarch/typing_extensions-4.15.0-pyhcf101f3_0.conda
      - conda: https://prefix.dev/conda-forge/noarch/tzdata-2025c-hc9c84f9_1.conda
      - conda: https://prefix.dev/conda-forge/osx-arm64/aiohttp-3.14.1-py312h9f8c436_0.conda
      - conda: https://prefix.dev/conda-forge/osx-arm64/bzip2-1.0.8-hd037594_9.conda
      - conda: https://prefix.dev/conda-forge/osx-arm64/frozenlist-1.8.0-py312ha0ce254_0.conda
      - conda: https://prefix.dev/conda-forge/osx-arm64/icu-78.3-hef89b57_0.conda
      - conda: https://prefix.dev/conda-forge/osx-arm64/libcxx-22.1.7-h55c6f16_0.conda
      - conda: https://prefix.dev/conda-forge/osx-arm64/libexpat-2.8.1-hf6b4638_0.conda
      - conda: https://prefix.dev/conda-forge/osx-arm64/libffi-3.5.2-hcf2aa1b_0.conda
      - conda: https://prefix.dev/conda-forge/osx-arm64/liblzma-5.8.3-h8088a28_0.conda
      - conda: https://prefix.dev/conda-forge/osx-arm64/libsqlite-3.53.2-h1ae2325_0.conda
      - conda: https://prefix.dev/conda-forge/osx-arm64/libzlib-1.3.2-h8088a28_2.conda
      - conda: https://prefix.dev/conda-forge/osx-arm64/multidict-6.7.1-py312h43af8aa_0.conda
      - conda: https://prefix.dev/conda-forge/osx-arm64/ncurses-6.6-h1d4f5a5_0.conda
      - conda: https://prefix.dev/conda-forge/osx-arm64/openssl-3.6.2-hd24854e_0.conda
      - conda: https://prefix.dev/conda-forge/osx-arm64/propcache-0.5.2-py312h04c11ed_0.conda
      - conda: https://prefix.dev/conda-forge/osx-arm64/python-3.12.13-h8561d8f_0_cpython.conda
      - conda: https://prefix.dev/conda-forge/osx-arm64/readline-8.3-h46df422_0.conda
      - conda: https://prefix.dev/conda-forge/osx-arm64/tk-8.6.13-h010d191_3.conda
      - conda: https://prefix.dev/conda-forge/osx-arm64/yarl-1.24.2-py312h04c11ed_0.conda
      - pypi: https://files.pythonhosted.org/packages/07/c6/80c95b1b2b94682a72cbdbfb85b81ae2daffa4291fbfa1b1464502ede10d/hpack-4.1.0-py3-none-any.whl
      - pypi: https://files.pythonhosted.org/packages/44/6f/7120676b6d73228c96e17f1f794d8ab046fc910d781c8d151120c3f1569e/toml-0.10.2-py2.py3-none-any.whl
      - pypi: https://files.pythonhosted.org/packages/48/30/47d0bf6072f7252e6521f3447ccfa40b421b6824517f82854703d0f5a98b/hyperframe-6.1.0-py3-none-any.whl
      - pypi: https://files.pythonhosted.org/packages/57/ea/531a6ea751cbd989da386144810b1b8f529b0aae8c1a9beda8b40966c9c2/synchronicity-0.12.3-py3-none-any.whl
      - pypi: https://files.pythonhosted.org/packages/59/8c/57e832b7af6d7c5abe66eb3fbe3a3a32f4d11ea23a1aa7131371035be991/certifi-2026.5.20-py3-none-any.whl
      - pypi: https://files.pythonhosted.org/packages/5c/01/a3c3ed5cd186f39e7880f8303cc51385a198a81469d53d0fdecf1f64d929/protobuf-6.33.6-cp39-abi3-macosx_10_9_universal2.whl
      - pypi: https://files.pythonhosted.org/packages/5c/71/85e476e7d32c0a648d5aa97c4335ac02357d059c2bb734cf175b08446597/modal-1.5.0-py3-none-any.whl
      - pypi: https://files.pythonhosted.org/packages/5c/90/b0cbbd9efcc82816c58f31a34963071aa19fb792a212a5d9caf8e0fc3097/grpclib-0.4.9-py3-none-any.whl
      - pypi: https://files.pythonhosted.org/packages/5e/0c/a857b6ca032282b564cf25de18ad92fe0614e8b3fa3422eb10e32a873939/cbor2-6.1.2-cp312-cp312-macosx_11_0_arm64.whl
      - pypi: https://files.pythonhosted.org/packages/5f/8f/6af2ea19065c91d8b0ea3516fdfc8c0d349f407e8e9fbf4e5a17360de8ad/watchfiles-1.2.0-cp312-cp312-macosx_11_0_arm64.whl
      - pypi: https://files.pythonhosted.org/packages/69/b2/119f6e6dcbd96f9069ce9a2665e0146588dc9f88f29549711853645e736a/h2-4.3.0-py3-none-any.whl
      - pypi: https://files.pythonhosted.org/packages/82/3b/64d4899d73f91ba49a8c18a8ff3f0ea8f1c1d75481760df8c68ef5235bf5/rich-15.0.0-py3-none-any.whl
      - pypi: https://files.pythonhosted.org/packages/91/25/489751806bf5c95e4007f8e17409199c54d31e49ffbea07c5729b1286c8e/types_toml-0.10.8.20260518-py3-none-any.whl
      - pypi: https://files.pythonhosted.org/packages/b3/38/89ba8ad64ae25be8de66a6d463314cf1eb366222074cfda9ee839c56a4b4/mdurl-0.1.2-py3-none-any.whl
      - pypi: https://files.pythonhosted.org/packages/b3/81/4da04ced5a082363ecfa159c010d200ecbd959ae410c10c0264a38cac0f5/markdown_it_py-4.2.0-py3-none-any.whl
      - pypi: https://files.pythonhosted.org/packages/b5/63/2463d89481e811f007b0e1cd0a91e52e141b47f9de724d20db7b861dcfec/types_certifi-2021.10.8.3-py3-none-any.whl
      - pypi: https://files.pythonhosted.org/packages/c7/0d/67e5b4109ea4a837e80daa87c2c696711955e40449a97e8926672534def2/click-8.4.1-py3-none-any.whl
      - pypi: https://files.pythonhosted.org/packages/da/42/e921fccf5015463e32a3cf6ee7f980a6ed0f395ceeaa45060b61d86486c2/anyio-4.13.0-py3-none-any.whl
      - pypi: https://files.pythonhosted.org/packages/f4/7e/a72dd26f3b0f4f2bf1dd8923c85f7ceb43172af56d63c7383eb62b332364/pygments-2.20.0-py3-none-any.whl
packages:
- conda: https://prefix.dev/conda-forge/linux-64/_openmp_mutex-4.5-20_gnu.conda
  build_number: 20
  sha256: 1dd3fffd892081df9726d7eb7e0dea6198962ba775bd88842135a4ddb4deb3c9
  md5: a9f577daf3de00bca7c3c76c0ecbd1de
  depends:
  - __glibc >=2.17,<3.0.a0
  - libgomp >=7.5.0
  constrains:
  - openmp_impl <0.0a0
  license: BSD-3-Clause
  license_family: BSD
  purls: []
  run_exports:
    strong:
    - _openmp_mutex >=4.5
  size: 28948
  timestamp: 1770939786096
- conda: https://prefix.dev/conda-forge/linux-64/aiohttp-3.14.1-py312h5d8c7f2_0.conda
  sha256: 7e03efaf3671cfca5d3195dc18aa3ca6bc182e0e34d30a95adb4f64f71d8f10c
  md5: 10e4a93c73bfe09c5909cb1d41a1e40e
  depends:
  - __glibc >=2.17,<3.0.a0
  - aiohappyeyeballs >=2.5.0
  - aiosignal >=1.4.0
  - attrs >=17.3.0
  - frozenlist >=1.1.1
  - libgcc >=14
  - multidict >=4.5,<7.0
  - propcache >=0.2.0
  - python >=3.12,<3.13.0a0
  - python_abi 3.12.* *_cp312
  - typing_extensions >=4.4
  - yarl >=1.17.0,<2.0
  license: MIT AND Apache-2.0
  license_family: Apache
  purls:
  - pkg:pypi/aiohttp?source=compressed-mapping
  run_exports: {}
  size: 1078273
  timestamp: 1780913823270
- conda: https://prefix.dev/conda-forge/linux-64/bzip2-1.0.8-hda65f42_9.conda
  sha256: 0b75d45f0bba3e95dc693336fa51f40ea28c980131fec438afb7ce6118ed05f6
  md5: d2ffd7602c02f2b316fd921d39876885
  depends:
  - __glibc >=2.17,<3.0.a0
  - libgcc >=14
  license: bzip2-1.0.6
  license_family: BSD
  purls: []
  run_exports:
    weak:
    - bzip2 >=1.0.8,<2.0a0
  size: 260182
  timestamp: 1771350215188
- conda: https://prefix.dev/conda-forge/linux-64/frozenlist-1.8.0-py312h447239a_0.conda
  sha256: 7f36a4fc42f6d4cb9c5b210b6604b54eba2e5745c92d76241b6f8fce446818d1
  md5: 6a42923f35087cc88a9fac31ef096ce6
  depends:
  - __glibc >=2.17,<3.0.a0
  - libgcc >=14
  - libstdcxx >=14
  - python >=3.12,<3.13.0a0
  - python_abi 3.12.* *_cp312
  license: Apache-2.0
  license_family: APACHE
  purls:
  - pkg:pypi/frozenlist?source=compressed-mapping
  run_exports: {}
  size: 55016
  timestamp: 1779999817627
- conda: https://prefix.dev/conda-forge/linux-64/ld_impl_linux-64-2.45.1-default_hbd61a6d_102.conda
  sha256: 3d584956604909ff5df353767f3a2a2f60e07d070b328d109f30ac40cd62df6c
  md5: 18335a698559cdbcd86150a48bf54ba6
  depends:
  - __glibc >=2.17,<3.0.a0
  - zstd >=1.5.7,<1.6.0a0
  constrains:
  - binutils_impl_linux-64 2.45.1
  license: GPL-3.0-only
  license_family: GPL
  purls: []
  run_exports: {}
  size: 728002
  timestamp: 1774197446916
- conda: https://prefix.dev/conda-forge/linux-64/libexpat-2.8.1-hecca717_0.conda
  sha256: 363018b25fdb5534c79783d912bd4b685a3547f4fc5996357ad548899b0ee8e7
  md5: 93764a5ca80616e9c10106cdaec92f74
  depends:
  - __glibc >=2.17,<3.0.a0
  - libgcc >=14
  constrains:
  - expat 2.8.1.*
  license: MIT
  license_family: MIT
  purls: []
  run_exports: {}
  size: 77294
  timestamp: 1779278686680
- conda: https://prefix.dev/conda-forge/linux-64/libffi-3.5.2-h3435931_0.conda
  sha256: 31f19b6a88ce40ebc0d5a992c131f57d919f73c0b92cd1617a5bec83f6e961e6
  md5: a360c33a5abe61c07959e449fa1453eb
  depends:
  - __glibc >=2.17,<3.0.a0
  - libgcc >=14
  license: MIT
  license_family: MIT
  purls: []
  run_exports:
    weak:
    - libffi >=3.5.2,<3.6.0a0
  size: 58592
  timestamp: 1769456073053
- conda: https://prefix.dev/conda-forge/linux-64/libgcc-15.2.0-he0feb66_19.conda
  sha256: 8e0a3b5e41272e5678499b5dfc4cddb673f9e935de01eb0767ce857001229f46
  md5: 57736f29cc2b0ec0b6c2952d3f101b6a
  depends:
  - __glibc >=2.17,<3.0.a0
  - _openmp_mutex >=4.5
  constrains:
  - libgcc-ng ==15.2.0=*_19
  - libgomp 15.2.0 he0feb66_19
  license: GPL-3.0-only WITH GCC-exception-3.1
  license_family: GPL
  purls: []
  run_exports: {}
  size: 1041084
  timestamp: 1778269013026
- conda: https://prefix.dev/conda-forge/linux-64/libgcc-ng-15.2.0-h69a702a_19.conda
  sha256: 9dcf54adfaa5e861123c2da4f2f0451a685464ea7e5a41ad91cf67b31d658d98
  md5: 331ee9b72b9dff570d56b1302c5ab37d
  depends:
  - libgcc 15.2.0 he0feb66_19
  license: GPL-3.0-only WITH GCC-exception-3.1
  license_family: GPL
  purls: []
  run_exports:
    strong:
    - libgcc
  size: 27694
  timestamp: 1778269016987
- conda: https://prefix.dev/conda-forge/linux-64/libgomp-15.2.0-he0feb66_19.conda
  sha256: 5abe4ab9d93f6c9757d654f1969ae2267d4505315c1f2f8fe705fd60af084f1b
  md5: faac990cb7aedc7f3a2224f2c9b0c26c
  depends:
  - __glibc >=2.17,<3.0.a0
  license: GPL-3.0-only WITH GCC-exception-3.1
  license_family: GPL
  purls: []
  run_exports:
    strong:
    - _openmp_mutex >=4.5
  size: 603817
  timestamp: 1778268942614
- conda: https://prefix.dev/conda-forge/linux-64/liblzma-5.8.3-hb03c661_0.conda
  sha256: ec30e52a3c1bf7d0425380a189d209a52baa03f22fb66dd3eb587acaa765bd6d
  md5: b88d90cad08e6bc8ad540cb310a761fb
  depends:
  - __glibc >=2.17,<3.0.a0
  - libgcc >=14
  constrains:
  - xz 5.8.3.*
  license: 0BSD
  purls: []
  run_exports:
    weak:
    - liblzma >=5.8.3,<6.0a0
  size: 113478
  timestamp: 1775825492909
- conda: https://prefix.dev/conda-forge/linux-64/libnsl-2.0.1-hb9d3cd8_1.conda
  sha256: 927fe72b054277cde6cb82597d0fcf6baf127dcbce2e0a9d8925a68f1265eef5
  md5: d864d34357c3b65a4b731f78c0801dc4
  depends:
  - __glibc >=2.17,<3.0.a0
  - libgcc >=13
  license: LGPL-2.1-only
  license_family: GPL
  purls: []
  run_exports:
    weak:
    - libnsl >=2.0.1,<2.1.0a0
  size: 33731
  timestamp: 1750274110928
- conda: https://prefix.dev/conda-forge/linux-64/libsqlite-3.53.2-h0c1763c_0.conda
  sha256: 1ab603b6ec93933e76027e1f23b21b22b858ba1b56f1e1695ef6fe5e80cb7358
  md5: 062b0ac602fb0adf250e3dfa86f221c4
  depends:
  - __glibc >=2.17,<3.0.a0
  - libgcc >=14
  - libzlib >=1.3.2,<2.0a0
  license: blessing
  purls: []
  run_exports:
    weak:
    - libsqlite >=3.53.2,<4.0a0
  size: 957849
  timestamp: 1780574429573
- conda: https://prefix.dev/conda-forge/linux-64/libstdcxx-15.2.0-h934c35e_19.conda
  sha256: dff1058c76ec6b8759e41cefa2508162d00e4a5e6721aa68ec3fd10094e702dc
  md5: 5794b3bdc38177caf969dabd3af08549
  depends:
  - __glibc >=2.17,<3.0.a0
  - libgcc 15.2.0 he0feb66_19
  constrains:
  - libstdcxx-ng ==15.2.0=*_19
  license: GPL-3.0-only WITH GCC-exception-3.1
  license_family: GPL
  purls: []
  run_exports: {}
  size: 5852044
  timestamp: 1778269036376
- conda: https://prefix.dev/conda-forge/linux-64/libuuid-2.42.1-h5347b49_0.conda
  sha256: 3f0edf1280e2f6684a986f821eaa3e123d2694a00b31b96ca0d4a4c12c129231
  md5: 7d0a66598195ef00b6efc55aefc7453b
  depends:
  - __glibc >=2.17,<3.0.a0
  - libgcc >=14
  license: BSD-3-Clause
  license_family: BSD
  purls: []
  run_exports:
    weak:
    - libuuid >=2.42.1,<3.0a0
  size: 40163
  timestamp: 1779118517630
- conda: https://prefix.dev/conda-forge/linux-64/libxcrypt-4.4.36-hd590300_1.conda
  sha256: 6ae68e0b86423ef188196fff6207ed0c8195dd84273cb5623b85aa08033a410c
  md5: 5aa797f8787fe7a17d1b0821485b5adc
  depends:
  - libgcc-ng >=12
  license: LGPL-2.1-or-later
  purls: []
  run_exports:
    weak:
    - libxcrypt >=4.4.36
  size: 100393
  timestamp: 1702724383534
- conda: https://prefix.dev/conda-forge/linux-64/libzlib-1.3.2-h25fd6f3_2.conda
  sha256: 55044c403570f0dc26e6364de4dc5368e5f3fc7ff103e867c487e2b5ab2bcda9
  md5: d87ff7921124eccd67248aa483c23fec
  depends:
  - __glibc >=2.17,<3.0.a0
  constrains:
  - zlib 1.3.2 *_2
  license: Zlib
  license_family: Other
  purls: []
  run_exports:
    weak:
    - libzlib >=1.3.2,<2.0a0
  size: 63629
  timestamp: 1774072609062
- conda: https://prefix.dev/conda-forge/linux-64/multidict-6.7.1-py312h8a5da7c_0.conda
  sha256: 0da7e7f4e69bfd6c98eff92523e93a0eceeaec1c6d503d4a4cd0af816c3fe3dc
  md5: 17c77acc59407701b54404cfd3639cac
  depends:
  - __glibc >=2.17,<3.0.a0
  - libgcc >=14
  - python >=3.12,<3.13.0a0
  - python_abi 3.12.* *_cp312
  license: Apache-2.0
  license_family: APACHE
  purls:
  - pkg:pypi/multidict?source=hash-mapping
  run_exports: {}
  size: 100056
  timestamp: 1771611023053
- conda: https://prefix.dev/conda-forge/linux-64/ncurses-6.6-hdb14827_0.conda
  sha256: fc89f74bbe362fb29fa3c037697a89bec140b346a2469a90f7936d1d7ea4d8a3
  md5: fc21868a1a5aacc937e7a18747acb8a5
  depends:
  - __glibc >=2.17,<3.0.a0
  - libgcc >=14
  license: X11 AND BSD-3-Clause
  purls: []
  run_exports:
    weak:
    - ncurses >=6.6,<7.0a0
  size: 918956
  timestamp: 1777422145199
- conda: https://prefix.dev/conda-forge/linux-64/openssl-3.6.2-h35e630c_0.conda
  sha256: c0ef482280e38c71a08ad6d71448194b719630345b0c9c60744a2010e8a8e0cb
  md5: da1b85b6a87e141f5140bb9924cecab0
  depends:
  - __glibc >=2.17,<3.0.a0
  - ca-certificates
  - libgcc >=14
  license: Apache-2.0
  license_family: Apache
  purls: []
  run_exports:
    weak:
    - openssl >=3.6.2,<4.0a0
  size: 3167099
  timestamp: 1775587756857
- conda: https://prefix.dev/conda-forge/linux-64/propcache-0.5.2-py312h8a5da7c_0.conda
  sha256: c9138bbb53d4bac010526a8deace8cf764aac13fad5280d0a71556bad6c04d29
  md5: d681d6ad9fa2ca3c8cacb7f3b23d54f3
  depends:
  - __glibc >=2.17,<3.0.a0
  - libgcc >=14
  - python >=3.12,<3.13.0a0
  - python_abi 3.12.* *_cp312
  license: Apache-2.0
  license_family: APACHE
  purls:
  - pkg:pypi/propcache?source=compressed-mapping
  run_exports: {}
  size: 51586
  timestamp: 1780037816755
- conda: https://prefix.dev/conda-forge/linux-64/python-3.12.13-hd63d673_0_cpython.conda
  sha256: a44655c1c3e1d43ed8704890a91e12afd68130414ea2c0872e154e5633a13d7e
  md5: 7eccb41177e15cc672e1babe9056018e
  depends:
  - __glibc >=2.17,<3.0.a0
  - bzip2 >=1.0.8,<2.0a0
  - ld_impl_linux-64 >=2.36.1
  - libexpat >=2.7.4,<3.0a0
  - libffi >=3.5.2,<3.6.0a0
  - libgcc >=14
  - liblzma >=5.8.2,<6.0a0
  - libnsl >=2.0.1,<2.1.0a0
  - libsqlite >=3.51.2,<4.0a0
  - libuuid >=2.41.3,<3.0a0
  - libxcrypt >=4.4.36
  - libzlib >=1.3.1,<2.0a0
  - ncurses >=6.5,<7.0a0
  - openssl >=3.5.5,<4.0a0
  - readline >=8.3,<9.0a0
  - tk >=8.6.13,<8.7.0a0
  - tzdata
  constrains:
  - python_abi 3.12.* *_cp312
  license: Python-2.0
  purls: []
  run_exports:
    weak:
    - python_abi 3.12.* *_cp312
    noarch:
    - python
  size: 31608571
  timestamp: 1772730708989
- conda: https://prefix.dev/conda-forge/linux-64/readline-8.3-h853b02a_0.conda
  sha256: 12ffde5a6f958e285aa22c191ca01bbd3d6e710aa852e00618fa6ddc59149002
  md5: d7d95fc8287ea7bf33e0e7116d2b95ec
  depends:
  - __glibc >=2.17,<3.0.a0
  - libgcc >=14
  - ncurses >=6.5,<7.0a0
  license: GPL-3.0-only
  license_family: GPL
  purls: []
  run_exports:
    weak:
    - readline >=8.3,<9.0a0
  size: 345073
  timestamp: 1765813471974
- conda: https://prefix.dev/conda-forge/linux-64/tk-8.6.13-noxft_h366c992_103.conda
  sha256: cafeec44494f842ffeca27e9c8b0c27ed714f93ac77ddadc6aaf726b5554ebac
  md5: cffd3bdd58090148f4cfcd831f4b26ab
  depends:
  - __glibc >=2.17,<3.0.a0
  - libgcc >=14
  - libzlib >=1.3.1,<2.0a0
  constrains:
  - xorg-libx11 >=1.8.12,<2.0a0
  license: TCL
  license_family: BSD
  purls: []
  run_exports:
    weak:
    - tk >=8.6.13,<8.7.0a0
  size: 3301196
  timestamp: 1769460227866
- conda: https://prefix.dev/conda-forge/linux-64/yarl-1.24.2-py312h8a5da7c_0.conda
  sha256: 9906e3e09ea7b734325cce2ebe7ac9a1d645d49e71823bffa54d9bf157c6b3ed
  md5: 348307a7ed6137b1022f3809e2762f39
  depends:
  - __glibc >=2.17,<3.0.a0
  - idna >=2.0
  - libgcc >=14
  - multidict >=4.0
  - propcache >=0.2.1
  - python >=3.12,<3.13.0a0
  - python_abi 3.12.* *_cp312
  license: Apache-2.0
  license_family: Apache
  purls:
  - pkg:pypi/yarl?source=hash-mapping
  run_exports: {}
  size: 155061
  timestamp: 1779246264888
- conda: https://prefix.dev/conda-forge/linux-64/zstd-1.5.7-hb78ec9c_6.conda
  sha256: 68f0206ca6e98fea941e5717cec780ed2873ffabc0e1ed34428c061e2c6268c7
  md5: 4a13eeac0b5c8e5b8ab496e6c4ddd829
  depends:
  - __glibc >=2.17,<3.0.a0
  - libzlib >=1.3.1,<2.0a0
  license: BSD-3-Clause
  license_family: BSD
  purls: []
  run_exports:
    weak:
    - zstd >=1.5.7,<1.6.0a0
  size: 601375
  timestamp: 1764777111296
- conda: https://prefix.dev/conda-forge/noarch/aiohappyeyeballs-2.6.2-pyhd8ed1ab_0.conda
  sha256: 6c6ddfeefead96d44f09c955b04967a579583af2dc63518faf029e46825e41ab
  md5: 8a9936643c4a9565459c4a8eb5d4e3ff
  depends:
  - python >=3.10
  license: PSF-2.0
  license_family: PSF
  purls:
  - pkg:pypi/aiohappyeyeballs?source=hash-mapping
  run_exports: {}
  size: 20727
  timestamp: 1779297825279
- conda: https://prefix.dev/conda-forge/noarch/aiosignal-1.4.0-pyhd8ed1ab_0.conda
  sha256: 8dc149a6828d19bf104ea96382a9d04dae185d4a03cc6beb1bc7b84c428e3ca2
  md5: 421a865222cd0c9d83ff08bc78bf3a61
  depends:
  - frozenlist >=1.1.0
  - python >=3.9
  - typing_extensions >=4.2
  license: Apache-2.0
  license_family: APACHE
  purls:
  - pkg:pypi/aiosignal?source=hash-mapping
  run_exports: {}
  size: 13688
  timestamp: 1751626573984
- conda: https://prefix.dev/conda-forge/noarch/attrs-26.1.0-pyhcf101f3_0.conda
  sha256: 1b6124230bb4e571b1b9401537ecff575b7b109cc3a21ee019f65e083b8399ab
  md5: c6b0543676ecb1fb2d7643941fe375f2
  depends:
  - python >=3.10
  - python
  license: MIT
  license_family: MIT
  purls:
  - pkg:pypi/attrs?source=hash-mapping
  run_exports: {}
  size: 64927
  timestamp: 1773935801332
- conda: https://prefix.dev/conda-forge/noarch/ca-certificates-2026.5.20-hbd8a1cb_0.conda
  sha256: 9812a303a1395e1dafbd92e5bc8a1ff6013bcbba0a09c7f03a8d23e43560aa9b
  md5: 489b8e97e666c93f68fdb35c3c9b957f
  depends:
  - __unix
  license: ISC
  purls: []
  run_exports: {}
  size: 129868
  timestamp: 1779289852439
- conda: https://prefix.dev/conda-forge/noarch/idna-3.17-pyhcf101f3_0.conda
  sha256: f9fe1f9e539c544405ccb7ba632d4ba79edf243c05554d76ace073158a80b691
  md5: c75e517ebd7a5c5272fe111e8b162228
  depends:
  - python >=3.10
  - python
  license: BSD-3-Clause
  license_family: BSD
  purls:
  - pkg:pypi/idna?source=compressed-mapping
  run_exports: {}
  size: 56858
  timestamp: 1779999227630
- conda: https://prefix.dev/conda-forge/noarch/loguru-0.7.3-pyh707e725_0.conda
  sha256: e4a07f357a4cf195a2345dabd98deab80f4d53574abe712a9cc7f22d3f2cc2c3
  md5: 49647ac1de4d1e4b49124aedf3934e02
  depends:
  - __unix
  - python >=3.9
  license: MIT
  license_family: MIT
  purls:
  - pkg:pypi/loguru?source=hash-mapping
  run_exports: {}
  size: 59696
  timestamp: 1746634858826
- conda: https://prefix.dev/conda-forge/noarch/python_abi-3.12-8_cp312.conda
  build_number: 8
  sha256: 80677180dd3c22deb7426ca89d6203f1c7f1f256f2d5a94dc210f6e758229809
  md5: c3efd25ac4d74b1584d2f7a57195ddf1
  constrains:
  - python 3.12.* *_cpython
  license: BSD-3-Clause
  license_family: BSD
  purls: []
  run_exports: {}
  size: 6958
  timestamp: 1752805918820
- conda: https://prefix.dev/conda-forge/noarch/typing_extensions-4.15.0-pyhcf101f3_0.conda
  sha256: 032271135bca55aeb156cee361c81350c6f3fb203f57d024d7e5a1fc9ef18731
  md5: 0caa1af407ecff61170c9437a808404d
  depends:
  - python >=3.10
  - python
  license: PSF-2.0
  license_family: PSF
  purls:
  - pkg:pypi/typing-extensions?source=hash-mapping
  run_exports: {}
  size: 51692
  timestamp: 1756220668932
- conda: https://prefix.dev/conda-forge/noarch/tzdata-2025c-hc9c84f9_1.conda
  sha256: 1d30098909076af33a35017eed6f2953af1c769e273a0626a04722ac4acaba3c
  md5: ad659d0a2b3e47e38d829aa8cad2d610
  license: LicenseRef-Public-Domain
  purls: []
  run_exports: {}
  size: 119135
  timestamp: 1767016325805
- conda: https://prefix.dev/conda-forge/osx-arm64/aiohttp-3.14.1-py312h9f8c436_0.conda
  sha256: c77dcdfc4f47f0ed86d5aff9ed19cbe91bd059959d5ce85b9234903b393d4113
  md5: 3946bccca9216a21d4a61a49a902aa06
  depends:
  - __osx >=11.0
  - aiohappyeyeballs >=2.5.0
  - aiosignal >=1.4.0
  - attrs >=17.3.0
  - frozenlist >=1.1.1
  - multidict >=4.5,<7.0
  - propcache >=0.2.0
  - python >=3.12,<3.13.0a0
  - python >=3.12,<3.13.0a0 *_cpython
  - python_abi 3.12.* *_cp312
  - typing_extensions >=4.4
  - yarl >=1.17.0,<2.0
  license: MIT AND Apache-2.0
  license_family: Apache
  purls:
  - pkg:pypi/aiohttp?source=hash-mapping
  run_exports: {}
  size: 1049144
  timestamp: 1780913992605
- conda: https://prefix.dev/conda-forge/osx-arm64/bzip2-1.0.8-hd037594_9.conda
  sha256: 540fe54be35fac0c17feefbdc3e29725cce05d7367ffedfaaa1bdda234b019df
  md5: 620b85a3f45526a8bc4d23fd78fc22f0
  depends:
  - __osx >=11.0
  license: bzip2-1.0.6
  license_family: BSD
  purls: []
  run_exports:
    weak:
    - bzip2 >=1.0.8,<2.0a0
  size: 124834
  timestamp: 1771350416561
- conda: https://prefix.dev/conda-forge/osx-arm64/frozenlist-1.8.0-py312ha0ce254_0.conda
  sha256: 95690f616c3dd589ba886f54d79111769092c66dd83ed16139920c070742791f
  md5: 4dba3a2eb282b85b3f6e0a25b6af0d8a
  depends:
  - __osx >=11.0
  - libcxx >=19
  - python >=3.12,<3.13.0a0
  - python >=3.12,<3.13.0a0 *_cpython
  - python_abi 3.12.* *_cp312
  license: Apache-2.0
  license_family: APACHE
  purls:
  - pkg:pypi/frozenlist?source=compressed-mapping
  run_exports: {}
  size: 52681
  timestamp: 1780000209812
- conda: https://prefix.dev/conda-forge/osx-arm64/icu-78.3-hef89b57_0.conda
  sha256: 3a7907a17e9937d3a46dfd41cffaf815abad59a569440d1e25177c15fd0684e5
  md5: f1182c91c0de31a7abd40cedf6a5ebef
  depends:
  - __osx >=11.0
  license: MIT
  license_family: MIT
  purls: []
  run_exports:
    weak:
    - icu >=78.3,<79.0a0
  size: 12361647
  timestamp: 1773822915649
- conda: https://prefix.dev/conda-forge/osx-arm64/libcxx-22.1.7-h55c6f16_0.conda
  sha256: cceb668dc1b71f054b1036dd83eca2e02c0c3a4b2ba3ad28c74a982d819597a3
  md5: 0325fbe13eb6dd39234eb305ac1b3cb8
  depends:
  - __osx >=11.0
  license: Apache-2.0 WITH LLVM-exception
  license_family: Apache
  purls: []
  run_exports: {}
  size: 568252
  timestamp: 1780441702930
- conda: https://prefix.dev/conda-forge/osx-arm64/libexpat-2.8.1-hf6b4638_0.conda
  sha256: 3133fb6bfa871288b92c8b8752696686a841bf4ffe035aa3038033c9e15b738e
  md5: ef22e9ab1dc7c2f334252f565f90b3b8
  depends:
  - __osx >=11.0
  constrains:
  - expat 2.8.1.*
  license: MIT
  license_family: MIT
  purls: []
  run_exports: {}
  size: 69110
  timestamp: 1779278728511
- conda: https://prefix.dev/conda-forge/osx-arm64/libffi-3.5.2-hcf2aa1b_0.conda
  sha256: 6686a26466a527585e6a75cc2a242bf4a3d97d6d6c86424a441677917f28bec7
  md5: 43c04d9cb46ef176bb2a4c77e324d599
  depends:
  - __osx >=11.0
  license: MIT
  license_family: MIT
  purls: []
  run_exports:
    weak:
    - libffi >=3.5.2,<3.6.0a0
  size: 40979
  timestamp: 1769456747661
- conda: https://prefix.dev/conda-forge/osx-arm64/liblzma-5.8.3-h8088a28_0.conda
  sha256: 34878d87275c298f1a732c6806349125cebbf340d24c6c23727268184bba051e
  md5: b1fd823b5ae54fbec272cea0811bd8a9
  depends:
  - __osx >=11.0
  constrains:
  - xz 5.8.3.*
  license: 0BSD
  purls: []
  run_exports:
    weak:
    - liblzma >=5.8.3,<6.0a0
  size: 92472
  timestamp: 1775825802659
- conda: https://prefix.dev/conda-forge/osx-arm64/libsqlite-3.53.2-h1ae2325_0.conda
  sha256: 862463917e8ef5ac3ebdaf8f19914634b457609cc27ba678b7197124cefeb1f7
  md5: 1ebde5c677f00765233a17e278571177
  depends:
  - __osx >=11.0
  - icu >=78.3,<79.0a0
  - libzlib >=1.3.2,<2.0a0
  license: blessing
  purls: []
  run_exports:
    weak:
    - libsqlite >=3.53.2,<4.0a0
  size: 927724
  timestamp: 1780575223548
- conda: https://prefix.dev/conda-forge/osx-arm64/libzlib-1.3.2-h8088a28_2.conda
  sha256: 361415a698514b19a852f5d1123c5da746d4642139904156ddfca7c922d23a05
  md5: bc5a5721b6439f2f62a84f2548136082
  depends:
  - __osx >=11.0
  constrains:
  - zlib 1.3.2 *_2
  license: Zlib
  license_family: Other
  purls: []
  run_exports:
    weak:
    - libzlib >=1.3.2,<2.0a0
  size: 47759
  timestamp: 1774072956767
- conda: https://prefix.dev/conda-forge/osx-arm64/multidict-6.7.1-py312h43af8aa_0.conda
  sha256: d7f2c4137271b158a452d02a5a3c4ceade8e8e75352fc90a4360f4a7eda9be9f
  md5: 8094abe00f22955a9396d91c690f36e8
  depends:
  - __osx >=11.0
  - python >=3.12,<3.13.0a0
  - python >=3.12,<3.13.0a0 *_cpython
  - python_abi 3.12.* *_cp312
  license: Apache-2.0
  license_family: APACHE
  purls:
  - pkg:pypi/multidict?source=hash-mapping
  run_exports: {}
  size: 87852
  timestamp: 1771611147963
- conda: https://prefix.dev/conda-forge/osx-arm64/ncurses-6.6-h1d4f5a5_0.conda
  sha256: 4ea6c620b87bd1d42bb2ccc2c87cd2483fa2d7f9e905b14c223f11ff3f4c455d
  md5: 343d10ed5b44030a2f67193905aea159
  depends:
  - __osx >=11.0
  license: X11 AND BSD-3-Clause
  purls: []
  run_exports:
    weak:
    - ncurses >=6.6,<7.0a0
  size: 805509
  timestamp: 1777423252320
- conda: https://prefix.dev/conda-forge/osx-arm64/openssl-3.6.2-hd24854e_0.conda
  sha256: c91bf510c130a1ea1b6ff023e28bac0ccaef869446acd805e2016f69ebdc49ea
  md5: 25dcccd4f80f1638428613e0d7c9b4e1
  depends:
  - __osx >=11.0
  - ca-certificates
  license: Apache-2.0
  license_family: Apache
  purls: []
  run_exports:
    weak:
    - openssl >=3.6.2,<4.0a0
  size: 3106008
  timestamp: 1775587972483
- conda: https://prefix.dev/conda-forge/osx-arm64/propcache-0.5.2-py312h04c11ed_0.conda
  sha256: c98b285f5b33098a73fb9e69da6ec46592813ee6b5bcddc77fa7014515fd93ef
  md5: 6c4420db8ea9288594164a8b5f8bcf6c
  depends:
  - __osx >=11.0
  - python >=3.12,<3.13.0a0
  - python >=3.12,<3.13.0a0 *_cpython
  - python_abi 3.12.* *_cp312
  license: Apache-2.0
  license_family: APACHE
  purls:
  - pkg:pypi/propcache?source=hash-mapping
  run_exports: {}
  size: 50356
  timestamp: 1780038316255
- conda: https://prefix.dev/conda-forge/osx-arm64/python-3.12.13-h8561d8f_0_cpython.conda
  sha256: e658e647a4a15981573d6018928dec2c448b10c77c557c29872043ff23c0eb6a
  md5: 8e7608172fa4d1b90de9a745c2fd2b81
  depends:
  - __osx >=11.0
  - bzip2 >=1.0.8,<2.0a0
  - libexpat >=2.7.4,<3.0a0
  - libffi >=3.5.2,<3.6.0a0
  - liblzma >=5.8.2,<6.0a0
  - libsqlite >=3.51.2,<4.0a0
  - libzlib >=1.3.1,<2.0a0
  - ncurses >=6.5,<7.0a0
  - openssl >=3.5.5,<4.0a0
  - readline >=8.3,<9.0a0
  - tk >=8.6.13,<8.7.0a0
  - tzdata
  constrains:
  - python_abi 3.12.* *_cp312
  license: Python-2.0
  purls: []
  run_exports:
    weak:
    - python_abi 3.12.* *_cp312
    noarch:
    - python
  size: 12127424
  timestamp: 1772730755512
- conda: https://prefix.dev/conda-forge/osx-arm64/readline-8.3-h46df422_0.conda
  sha256: a77010528efb4b548ac2a4484eaf7e1c3907f2aec86123ed9c5212ae44502477
  md5: f8381319127120ce51e081dce4865cf4
  depends:
  - __osx >=11.0
  - ncurses >=6.5,<7.0a0
  license: GPL-3.0-only
  license_family: GPL
  purls: []
  run_exports:
    weak:
    - readline >=8.3,<9.0a0
  size: 313930
  timestamp: 1765813902568
- conda: https://prefix.dev/conda-forge/osx-arm64/tk-8.6.13-h010d191_3.conda
  sha256: 799cab4b6cde62f91f750149995d149bc9db525ec12595e8a1d91b9317f038b3
  md5: a9d86bc62f39b94c4661716624eb21b0
  depends:
  - __osx >=11.0
  - libzlib >=1.3.1,<2.0a0
  license: TCL
  license_family: BSD
  purls: []
  run_exports:
    weak:
    - tk >=8.6.13,<8.7.0a0
  size: 3127137
  timestamp: 1769460817696
- conda: https://prefix.dev/conda-forge/osx-arm64/yarl-1.24.2-py312h04c11ed_0.conda
  sha256: 0ec43a02962ac2d2853bd0b1edf0ff47a30d06268c6ea5f2fbe87a90d7747217
  md5: 06fdb5dc3e653b8edfd9475feae69bab
  depends:
  - __osx >=11.0
  - idna >=2.0
  - multidict >=4.0
  - propcache >=0.2.1
  - python >=3.12,<3.13.0a0
  - python >=3.12,<3.13.0a0 *_cpython
  - python_abi 3.12.* *_cp312
  license: Apache-2.0
  license_family: Apache
  purls:
  - pkg:pypi/yarl?source=compressed-mapping
  run_exports: {}
  size: 147939
  timestamp: 1779246762355
- pypi: https://files.pythonhosted.org/packages/07/c6/80c95b1b2b94682a72cbdbfb85b81ae2daffa4291fbfa1b1464502ede10d/hpack-4.1.0-py3-none-any.whl
  name: hpack
  version: 4.1.0
  sha256: 157ac792668d995c657d93111f46b4535ed114f0c9c8d672271bbec7eae1b496
  requires_python: '>=3.9'
- pypi: https://files.pythonhosted.org/packages/16/92/d1e32e3e0d894fe00b15ce28ad4944ab692713f2e7f0a99787405e43533a/protobuf-6.33.6-cp39-abi3-manylinux2014_x86_64.whl
  name: protobuf
  version: 6.33.6
  sha256: e9db7e292e0ab79dd108d7f1a94fe31601ce1ee3f7b79e0692043423020b0593
  requires_python: '>=3.9'
- pypi: https://files.pythonhosted.org/packages/22/24/ed72f68cbc1333ca9b9f2200aa048bb6658ae41709bc1caad4310f4bdffd/watchfiles-1.2.0-cp312-cp312-manylinux_2_17_x86_64.manylinux2014_x86_64.whl
  name: watchfiles
  version: 1.2.0
  sha256: e53a384f76b631c3ae5334ce6a52f0baa3a911eb94a4eac7f160079868b716d5
  requires_dist:
  - anyio>=3.0.0
  requires_python: '>=3.10'
- pypi: https://files.pythonhosted.org/packages/29/67/62127b22edc6011ba55b76a28ab7c2219a45d01871a8199532e0978b26d1/cbor2-6.1.2-cp312-cp312-manylinux_2_28_x86_64.whl
  name: cbor2
  version: 6.1.2
  sha256: a106f174eda34d8937a621c7f3e6044586cb209170cdc8da0ffbea89d1d6e385
  requires_python: '>=3.10'
- pypi: https://files.pythonhosted.org/packages/44/6f/7120676b6d73228c96e17f1f794d8ab046fc910d781c8d151120c3f1569e/toml-0.10.2-py2.py3-none-any.whl
  name: toml
  version: 0.10.2
  sha256: 806143ae5bfb6a3c6e736a764057db0e6a0e05e338b5630894a5f779cabb4f9b
  requires_python: '>=2.6,!=3.0.*,!=3.1.*,!=3.2.*'
- pypi: https://files.pythonhosted.org/packages/48/30/47d0bf6072f7252e6521f3447ccfa40b421b6824517f82854703d0f5a98b/hyperframe-6.1.0-py3-none-any.whl
  name: hyperframe
  version: 6.1.0
  sha256: b03380493a519fce58ea5af42e4a42317bf9bd425596f7a0835ffce80f1a42e5
  requires_python: '>=3.9'
- pypi: https://files.pythonhosted.org/packages/57/ea/531a6ea751cbd989da386144810b1b8f529b0aae8c1a9beda8b40966c9c2/synchronicity-0.12.3-py3-none-any.whl
  name: synchronicity
  version: 0.12.3
  sha256: e476818cd14102136f41622c619de548f0000c024485fc18521c8fe908ea7574
  requires_dist:
  - typing-extensions>=4.12.2
  - sigtools>=4.0.1 ; extra == 'compile'
  requires_python: '>=3.10'
- pypi: https://files.pythonhosted.org/packages/59/8c/57e832b7af6d7c5abe66eb3fbe3a3a32f4d11ea23a1aa7131371035be991/certifi-2026.5.20-py3-none-any.whl
  name: certifi
  version: 2026.5.20
  sha256: 3c52e209ba0a4ad7aebe60436a4ab349c39e1e602e8c134221e546902ad25897
  requires_python: '>=3.7'
- pypi: https://files.pythonhosted.org/packages/5c/01/a3c3ed5cd186f39e7880f8303cc51385a198a81469d53d0fdecf1f64d929/protobuf-6.33.6-cp39-abi3-macosx_10_9_universal2.whl
  name: protobuf
  version: 6.33.6
  sha256: 9720e6961b251bde64edfdab7d500725a2af5280f3f4c87e57c0208376aa8c3a
  requires_python: '>=3.9'
- pypi: https://files.pythonhosted.org/packages/5c/71/85e476e7d32c0a648d5aa97c4335ac02357d059c2bb734cf175b08446597/modal-1.5.0-py3-none-any.whl
  name: modal
  version: 1.5.0
  sha256: 9c5687eff775d1372bd70b87e43499e40777a1de160f23786c00807bf342fcb6
  requires_dist:
  - aiohttp
  - cbor2
  - certifi
  - click~=8.1
  - grpclib>=0.4.7,<0.4.10 ; python_full_version < '3.14'
  - grpclib>=0.4.9,<0.4.10 ; python_full_version >= '3.14'
  - protobuf>=3.19,!=4.24.0,<7.0
  - rich>=12.0.0
  - synchronicity~=0.12.3
  - toml
  - types-certifi
  - types-toml
  - watchfiles
  - typing-extensions~=4.6
  requires_python: '>=3.10,<3.15'
- pypi: https://files.pythonhosted.org/packages/5c/90/b0cbbd9efcc82816c58f31a34963071aa19fb792a212a5d9caf8e0fc3097/grpclib-0.4.9-py3-none-any.whl
  name: grpclib
  version: 0.4.9
  sha256: 7762ec1c8ed94dfad597475152dd35cbd11aecaaca2f243e29702435ca24cf0e
  requires_dist:
  - h2>=3.1.0,<5
  - multidict
  - protobuf>=3.20.0 ; extra == 'protobuf'
  requires_python: '>=3.10'
- pypi: https://files.pythonhosted.org/packages/5e/0c/a857b6ca032282b564cf25de18ad92fe0614e8b3fa3422eb10e32a873939/cbor2-6.1.2-cp312-cp312-macosx_11_0_arm64.whl
  name: cbor2
  version: 6.1.2
  sha256: 92b158d3ff9d9dce70eeb09786a6e518e3cb0ecb927fd23e9a0f7fc4b175c01a
  requires_python: '>=3.10'
- pypi: https://files.pythonhosted.org/packages/5f/8f/6af2ea19065c91d8b0ea3516fdfc8c0d349f407e8e9fbf4e5a17360de8ad/watchfiles-1.2.0-cp312-cp312-macosx_11_0_arm64.whl
  name: watchfiles
  version: 1.2.0
  sha256: 2d95ddc1eb6914154253d239089900813f6a767e174b8e6a50e7fdacb7e4236c
  requires_dist:
  - anyio>=3.0.0
  requires_python: '>=3.10'
- pypi: https://files.pythonhosted.org/packages/69/b2/119f6e6dcbd96f9069ce9a2665e0146588dc9f88f29549711853645e736a/h2-4.3.0-py3-none-any.whl
  name: h2
  version: 4.3.0
  sha256: c438f029a25f7945c69e0ccf0fb951dc3f73a5f6412981daee861431b70e2bdd
  requires_dist:
  - hyperframe>=6.1,<7
  - hpack>=4.1,<5
  requires_python: '>=3.9'
- pypi: https://files.pythonhosted.org/packages/82/3b/64d4899d73f91ba49a8c18a8ff3f0ea8f1c1d75481760df8c68ef5235bf5/rich-15.0.0-py3-none-any.whl
  name: rich
  version: 15.0.0
  sha256: 33bd4ef74232fb73fe9279a257718407f169c09b78a87ad3d296f548e27de0bb
  requires_dist:
  - ipywidgets>=7.5.1,<9 ; extra == 'jupyter'
  - markdown-it-py>=2.2.0
  - pygments>=2.13.0,<3.0.0
  requires_python: '>=3.9.0'
- pypi: https://files.pythonhosted.org/packages/91/25/489751806bf5c95e4007f8e17409199c54d31e49ffbea07c5729b1286c8e/types_toml-0.10.8.20260518-py3-none-any.whl
  name: types-toml
  version: 0.10.8.20260518
  sha256: 0e564ab05f6fde62a315b3b5a9b6624fda569399795d30a37e64705a70459303
  requires_python: '>=3.10'
- pypi: https://files.pythonhosted.org/packages/b3/38/89ba8ad64ae25be8de66a6d463314cf1eb366222074cfda9ee839c56a4b4/mdurl-0.1.2-py3-none-any.whl
  name: mdurl
  version: 0.1.2
  sha256: 84008a41e51615a49fc9966191ff91509e3c40b939176e643fd50a5c2196b8f8
  requires_python: '>=3.7'
- pypi: https://files.pythonhosted.org/packages/b3/81/4da04ced5a082363ecfa159c010d200ecbd959ae410c10c0264a38cac0f5/markdown_it_py-4.2.0-py3-none-any.whl
  name: markdown-it-py
  version: 4.2.0
  sha256: 9f7ebbcd14fe59494226453aed97c1070d83f8d24b6fc3a3bcf9a38092641c4a
  requires_dist:
  - mdurl~=0.1
  - psutil ; extra == 'benchmarking'
  - pytest ; extra == 'benchmarking'
  - pytest-benchmark ; extra == 'benchmarking'
  - commonmark~=0.9 ; extra == 'compare'
  - markdown~=3.4 ; extra == 'compare'
  - mistletoe~=1.0 ; extra == 'compare'
  - mistune~=3.0 ; extra == 'compare'
  - panflute~=2.3 ; extra == 'compare'
  - markdown-it-pyrs ; extra == 'compare'
  - linkify-it-py>=1,<3 ; extra == 'linkify'
  - mdit-py-plugins>=0.5.0 ; extra == 'plugins'
  - gprof2dot ; extra == 'profiling'
  - mdit-py-plugins>=0.5.0 ; extra == 'rtd'
  - myst-parser ; extra == 'rtd'
  - pyyaml ; extra == 'rtd'
  - sphinx ; extra == 'rtd'
  - sphinx-copybutton ; extra == 'rtd'
  - sphinx-design ; extra == 'rtd'
  - sphinx-book-theme~=1.0 ; extra == 'rtd'
  - jupyter-sphinx ; extra == 'rtd'
  - ipykernel ; extra == 'rtd'
  - coverage ; extra == 'testing'
  - pytest ; extra == 'testing'
  - pytest-cov ; extra == 'testing'
  - pytest-regressions ; extra == 'testing'
  - pytest-timeout ; extra == 'testing'
  - requests ; extra == 'testing'
  requires_python: '>=3.10'
- pypi: https://files.pythonhosted.org/packages/b5/63/2463d89481e811f007b0e1cd0a91e52e141b47f9de724d20db7b861dcfec/types_certifi-2021.10.8.3-py3-none-any.whl
  name: types-certifi
  version: 2021.10.8.3
  sha256: b2d1e325e69f71f7c78e5943d410e650b4707bb0ef32e4ddf3da37f54176e88a
- pypi: https://files.pythonhosted.org/packages/c7/0d/67e5b4109ea4a837e80daa87c2c696711955e40449a97e8926672534def2/click-8.4.1-py3-none-any.whl
  name: click
  version: 8.4.1
  sha256: 482be17c6991b8c19c5429a1e995d9b0efdbb63172824c41f99965dc0ade8ec2
  requires_dist:
  - colorama ; sys_platform == 'win32'
  requires_python: '>=3.10'
- pypi: https://files.pythonhosted.org/packages/da/42/e921fccf5015463e32a3cf6ee7f980a6ed0f395ceeaa45060b61d86486c2/anyio-4.13.0-py3-none-any.whl
  name: anyio
  version: 4.13.0
  sha256: 08b310f9e24a9594186fd75b4f73f4a4152069e3853f1ed8bfbf58369f4ad708
  requires_dist:
  - exceptiongroup>=1.0.2 ; python_full_version < '3.11'
  - idna>=2.8
  - typing-extensions>=4.5 ; python_full_version < '3.13'
  - trio>=0.32.0 ; extra == 'trio'
  requires_python: '>=3.10'
- pypi: https://files.pythonhosted.org/packages/f4/7e/a72dd26f3b0f4f2bf1dd8923c85f7ceb43172af56d63c7383eb62b332364/pygments-2.20.0-py3-none-any.whl
  name: pygments
  version: 2.20.0
  sha256: 81a9e26dd42fd28a23a2d169d86d7ac03b46e2f8b59ed4698fb4785f946d0176
  requires_dist:
  - colorama>=0.4.6 ; extra == 'windows-terminal'
  requires_python: '>=3.9'
